{
    "name": "iacon-mb",
    "version": "0.0.4",
    "lockfileVersion": 2,
    "requires": true,
    "packages": {
        "": {
            "name": "iacon-mb",
            "version": "0.0.4",
            "license": "MIT",
            "dependencies": {
                "acebase": "^1.8.2",
                "debug": "^4.3.1",
                "subheaven-arg": "github:SubHeaven/subheaven-arg",
                "subheaven-env": "github:SubHeaven/subheaven-env",
                "subheaven-tools": "github:SubHeaven/subheaven-tools"
            },
            "bin": {
                "iacon-mb": "cli.js"
            }
        },
        "node_modules/acebase": {
            "version": "1.8.4",
            "resolved": "https://registry.npmjs.org/acebase/-/acebase-1.8.4.tgz",
            "integrity": "sha512-SPJbafN/Wpm8Wymvr6uPIkHSaxnXHDUGn4k7SQhoN7L2L9NAJ0YglY/f+UzuVbtXtBJ5xmADyZt6uknblikJrA==",
            "dependencies": {
                "acebase-core": "^1.6.3",
                "unidecode": "^0.1.8"
            }
        },
        "node_modules/acebase-core": {
            "version": "1.6.3",
            "resolved": "https://registry.npmjs.org/acebase-core/-/acebase-core-1.6.3.tgz",
            "integrity": "sha512-xqgzk3l+TbQypTPc/mNGEClvRh059B0QkbSos6t+jf7PSvxVhmMvQMbWhHlxxg7y/wJ95V2O37CxUPx6ZUmg/A=="
        },
        "node_modules/debug": {
            "version": "4.3.2",
            "resolved": "https://registry.npmjs.org/debug/-/debug-4.3.2.tgz",
            "integrity": "sha512-mOp8wKcvj7XxC78zLgw/ZA+6TSgkoE2C/ienthhRD298T7UNwAg9diBpLRxC0mOezLl4B0xV7M0cCO6P/O0Xhw==",
            "dependencies": {
                "ms": "2.1.2"
            },
            "engines": {
                "node": ">=6.0"
            },
            "peerDependenciesMeta": {
                "supports-color": {
                    "optional": true
                }
            }
        },
        "node_modules/dotenv": {
            "version": "10.0.0",
            "resolved": "https://registry.npmjs.org/dotenv/-/dotenv-10.0.0.tgz",
            "integrity": "sha512-rlBi9d8jpv9Sf1klPjNfFAuWDjKLwTIJJ/VxtoTwIR6hnZxcEOQCZg2oIL3MWBYw5GpUDKOEnND7LXTbIpQ03Q==",
            "engines": {
                "node": ">=10"
            }
        },
        "node_modules/ms": {
            "version": "2.1.2",
            "resolved": "https://registry.npmjs.org/ms/-/ms-2.1.2.tgz",
            "integrity": "sha512-sGkPx+VjMtmA6MX27oA4FBFELFCZZ4S4XqeGOXCv68tT+jb3vk/RyaKWP0PTKyWtmLSM0b+adUTEvbs1PEaH2w=="
        },
        "node_modules/subheaven-arg": {
            "version": "0.2.6",
            "resolved": "git+ssh://git@github.com/SubHeaven/subheaven-arg.git#662f2176f002fc3e3978fe6b75abff970daa446a",
            "license": "MIT"
        },
        "node_modules/subheaven-env": {
            "version": "0.1.1",
            "resolved": "git+ssh://git@github.com/SubHeaven/subheaven-env.git#7c1ac57af4c5c66e0ee282bd578f32981cbd91c6",
            "license": "MIT",
            "dependencies": {
                "debug": "^4.3.1",
                "dotenv": "^10.0.0",
                "subheaven-arg": "github:SubHeaven/subheaven-arg",
                "subheaven-tools": "github:SubHeaven/subheaven-tools"
            },
            "bin": {
                "subheaven-env": "cli.js"
            }
        },
        "node_modules/subheaven-tools": {
            "version": "0.1.5",
            "resolved": "git+ssh://git@github.com/SubHeaven/subheaven-tools.git#adbb1e297318289391df597cfcabc971984a7cea",
            "license": "ISC",
            "dependencies": {
                "debug": "^4.3.2"
            }
        },
        "node_modules/unidecode": {
            "version": "0.1.8",
            "resolved": "https://registry.npmjs.org/unidecode/-/unidecode-0.1.8.tgz",
            "integrity": "sha1-77swFTi8RSRqmsjFWdcvAVMFBT4=",
            "engines": {
                "node": ">= 0.4.12"
            }
        }
    },
    "dependencies": {
        "acebase": {
            "version": "1.8.4",
            "resolved": "https://registry.npmjs.org/acebase/-/acebase-1.8.4.tgz",
            "integrity": "sha512-SPJbafN/Wpm8Wymvr6uPIkHSaxnXHDUGn4k7SQhoN7L2L9NAJ0YglY/f+UzuVbtXtBJ5xmADyZt6uknblikJrA==",
            "requires": {
                "acebase-core": "^1.6.3",
                "unidecode": "^0.1.8"
            }
        },
        "acebase-core": {
            "version": "1.6.3",
            "resolved": "https://registry.npmjs.org/acebase-core/-/acebase-core-1.6.3.tgz",
            "integrity": "sha512-xqgzk3l+TbQypTPc/mNGEClvRh059B0QkbSos6t+jf7PSvxVhmMvQMbWhHlxxg7y/wJ95V2O37CxUPx6ZUmg/A=="
        },
        "debug": {
            "version": "4.3.2",
            "resolved": "https://registry.npmjs.org/debug/-/debug-4.3.2.tgz",
            "integrity": "sha512-mOp8wKcvj7XxC78zLgw/ZA+6TSgkoE2C/ienthhRD298T7UNwAg9diBpLRxC0mOezLl4B0xV7M0cCO6P/O0Xhw==",
            "requires": {
                "ms": "2.1.2"
            }
        },
        "dotenv": {
            "version": "10.0.0",
            "resolved": "https://registry.npmjs.org/dotenv/-/dotenv-10.0.0.tgz",
            "integrity": "sha512-rlBi9d8jpv9Sf1klPjNfFAuWDjKLwTIJJ/VxtoTwIR6hnZxcEOQCZg2oIL3MWBYw5GpUDKOEnND7LXTbIpQ03Q=="
        },
        "ms": {
            "version": "2.1.2",
            "resolved": "https://registry.npmjs.org/ms/-/ms-2.1.2.tgz",
            "integrity": "sha512-sGkPx+VjMtmA6MX27oA4FBFELFCZZ4S4XqeGOXCv68tT+jb3vk/RyaKWP0PTKyWtmLSM0b+adUTEvbs1PEaH2w=="
        },
        "subheaven-arg": {
            "version": "git+ssh://git@github.com/SubHeaven/subheaven-arg.git#662f2176f002fc3e3978fe6b75abff970daa446a",
            "from": "subheaven-arg@github:SubHeaven/subheaven-arg"
        },
        "subheaven-env": {
            "version": "git+ssh://git@github.com/SubHeaven/subheaven-env.git#7c1ac57af4c5c66e0ee282bd578f32981cbd91c6",
            "from": "subheaven-env@github:SubHeaven/subheaven-env",
            "requires": {
                "debug": "^4.3.1",
                "dotenv": "^10.0.0",
                "subheaven-arg": "github:SubHeaven/subheaven-arg",
                "subheaven-tools": "github:SubHeaven/subheaven-tools"
            }
        },
        "subheaven-tools": {
            "version": "git+ssh://git@github.com/SubHeaven/subheaven-tools.git#adbb1e297318289391df597cfcabc971984a7cea",
            "from": "subheaven-tools@github:SubHeaven/subheaven-tools",
            "requires": {
                "debug": "^4.3.2"
            }
        },
        "unidecode": {
            "version": "0.1.8",
            "resolved": "https://registry.npmjs.org/unidecode/-/unidecode-0.1.8.tgz",
            "integrity": "sha1-77swFTi8RSRqmsjFWdcvAVMFBT4="
        }
    }
}
